
Microsoft Visual Studio Solution File, Format Version 12.00
# Visual Studio Version 17
VisualStudioVersion = 17.0.31903.59
MinimumVisualStudioVersion = 10.0.40219.1
Project("{9A19103F-16F7-4668-BE54-9A1E7A4F7556}") = "Hister.API", "Hister.API\Hister.API.csproj", "{F27A24A4-0BF2-4347-BA88-D1F5FF9A02A5}"
EndProject
Global
	GlobalSection(SolutionConfigurationPlatforms) = preSolution
		Debug|Any CPU = Debug|Any CPU
		Release|Any CPU = Release|Any CPU
	EndGlobalSection
	GlobalSection(ProjectConfigurationPlatforms) = postSolution
		{F27A24A4-0BF2-4347-BA88-D1F5FF9A02A5}.Debug|Any CPU.ActiveCfg = Debug|Any CPU
		{F27A24A4-0BF2-4347-BA88-D1F5FF9A02A5}.Debug|Any CPU.Build.0 = Debug|Any CPU
		{F27A24A4-0BF2-4347-BA88-D1F5FF9A02A5}.Release|Any CPU.ActiveCfg = Release|Any CPU
		{F27A24A4-0BF2-4347-BA88-D1F5FF9A02A5}.Release|Any CPU.Build.0 = Release|Any CPU
	EndGlobalSection
	GlobalSection(SolutionProperties) = preSolution
		HideSolutionNode = FALSE
	EndGlobalSection
	GlobalSection(ExtensibilityGlobals) = postSolution
		SolutionGuid = {57CC9AAA-E458-4E51-AF24-99B0F2B8DC48}
	EndGlobalSection
EndGlobal
